{
  "version": "4",
  "specifiers": {
    "jsr:@b-fuze/deno-dom@~0.1.48": "0.1.48",
    "jsr:@denosaurs/plug@1.0.3": "1.0.3",
    "jsr:@std/assert@~0.213.1": "0.213.1",
    "jsr:@std/encoding@0.213.1": "0.213.1",
    "jsr:@std/fmt@0.213.1": "0.213.1",
    "jsr:@std/fs@0.213.1": "0.213.1",
    "jsr:@std/path@0.213.1": "0.213.1",
    "jsr:@std/path@~0.213.1": "0.213.1",
    "npm:@types/node@*": "22.5.4",
    "npm:@types/webtorrent@0.110": "0.110.0",
    "npm:marked@^15.0.6": "15.0.6",
    "npm:telegraf@^4.16.3": "4.16.3",
    "npm:webtorrent@^2.5.16": "2.5.16"
  },
  "jsr": {
    "@b-fuze/deno-dom@0.1.48": {
      "integrity": "bf5b591aef2e9e9c59adfcbb93a9ecd45bab5b7c8263625beafa5c8f1662e7da",
      "dependencies": [
        "jsr:@denosaurs/plug"
      ]
    },
    "@denosaurs/plug@1.0.3": {
      "integrity": "b010544e386bea0ff3a1d05e0c88f704ea28cbd4d753439c2f1ee021a85d4640",
      "dependencies": [
        "jsr:@std/encoding",
        "jsr:@std/fmt",
        "jsr:@std/fs",
        "jsr:@std/path@0.213.1"
      ]
    },
    "@std/assert@0.213.1": {
      "integrity": "24c28178b30c8e0782c18e8e94ea72b16282207569cdd10ffb9d1d26f2edebfe"
    },
    "@std/encoding@0.213.1": {
      "integrity": "fcbb6928713dde941a18ca5db88ca1544d0755ec8fb20fe61e2dc8144b390c62"
    },
    "@std/fmt@0.213.1": {
      "integrity": "a06d31777566d874b9c856c10244ac3e6b660bdec4c82506cd46be052a1082c3"
    },
    "@std/fs@0.213.1": {
      "integrity": "fbcaf099f8a85c27ab0712b666262cda8fe6d02e9937bf9313ecaea39a22c501",
      "dependencies": [
        "jsr:@std/assert",
        "jsr:@std/path@~0.213.1"
      ]
    },
    "@std/path@0.213.1": {
      "integrity": "f187bf278a172752e02fcbacf6bd78a335ed320d080a7ed3a5a59c3e88abc673",
      "dependencies": [
        "jsr:@std/assert"
      ]
    }
  },
  "npm": {
    "@silentbot1/nat-api@0.4.7": {
      "integrity": "sha512-6aKXUf4AY6ETBdwjswQOekY6HGj3eZTAUhJx1oYicBqpMJcsphIydEQKp/Hooz6Y070MOI6tD/oT1MgS7bP3Vg==",
      "dependencies": [
        "chrome-dgram",
        "cross-fetch-ponyfill",
        "debug",
        "default-gateway",
        "unordered-array-remove",
        "xml2js"
      ]
    },
    "@telegraf/types@7.1.0": {
      "integrity": "sha512-kGevOIbpMcIlCDeorKGpwZmdH7kHbqlk/Yj6dEpJMKEQw5lk0KVQY0OLXaCswy8GqlIVLd5625OB+rAntP9xVw=="
    },
    "@thaunknown/simple-peer@10.0.11": {
      "integrity": "sha512-A5MdmtZ6HUzRa4gwPOS4jG+09HvpTv2rFo4kk7Vwveo2ELm+WmbO124ZrJrQnZc2D7z2Q3AWKSitjl9OKXO88g==",
      "dependencies": [
        "debug",
        "err-code",
        "streamx",
        "uint8-util",
        "webrtc-polyfill"
      ]
    },
    "@thaunknown/simple-websocket@9.1.3_bufferutil@4.0.9_utf-8-validate@6.0.5": {
      "integrity": "sha512-pf/FCJsgWtLJiJmIpiSI7acOZVq3bIQCpnNo222UFc8Ph1lOUOTpe6LoYhhiOSKB9GUaWJEVUtZ+sK1/aBgU5Q==",
      "dependencies": [
        "debug",
        "queue-microtask",
        "streamx",
        "uint8-util",
        "ws"
      ]
    },
    "@thaunknown/thirty-two@1.0.5": {
      "integrity": "sha512-Q53KyCXweV1CS62EfqtPDqfpksn5keQ59PGqzzkK+g8Vif1jB4inoBCcs/BUSdsqddhE3G+2Fn+4RX3S6RqT0A==",
      "dependencies": [
        "uint8-util"
      ]
    },
    "@types/bittorrent-protocol@3.1.6": {
      "integrity": "sha512-hqiRctJX9t9kknr6nn0q7UlcWHKvw2gSnPc/4jxt7Q/T0RP9txNv27Djue9ZjCNlAJ+irqAnCxtb+TcSpMyhtA==",
      "dependencies": [
        "@types/node"
      ]
    },
    "@types/magnet-uri@5.1.5": {
      "integrity": "sha512-SbBjlb1KGe38VfjRR+mwqztJd/4skhdKkRbIzPDhTy7IAeEAPZWIVSEkZw00Qr4ZZOGR3/ATJ20WWPBfrKHGdA==",
      "dependencies": [
        "@types/node"
      ]
    },
    "@types/node@22.5.4": {
      "integrity": "sha512-FDuKUJQm/ju9fT/SeX/6+gBzoPzlVCzfzmGkwKvRHQVxi4BntVbyIwf6a4Xn62mrvndLiml6z/UBXIdEVjQLXg==",
      "dependencies": [
        "undici-types"
      ]
    },
    "@types/parse-torrent-file@4.0.6": {
      "integrity": "sha512-SxqVth0Iv0WuEkqWS5MaY4S4Tlyi+QHkElQREvsUPw2xHcPgKyQ2dkJRRv5vAxmLzH+tnMdOj1Nws/wsenbzUw==",
      "dependencies": [
        "@types/node"
      ]
    },
    "@types/parse-torrent@5.8.7": {
      "integrity": "sha512-vZtYe450hO+KL7B5fejM8CHWg1LPZKeVXlolphPsWf6n4H0ZUlI6ICbqHoaFmH7JQmU2yRbGgyvqqizdFuGPFQ==",
      "dependencies": [
        "@types/magnet-uri",
        "@types/node",
        "@types/parse-torrent-file"
      ]
    },
    "@types/simple-peer@9.11.8": {
      "integrity": "sha512-rvqefdp2rvIA6wiomMgKWd2UZNPe6LM2EV5AuY3CPQJF+8TbdrL5TjYdMf0VAjGczzlkH4l1NjDkihwbj3Xodw==",
      "dependencies": [
        "@types/node"
      ]
    },
    "@types/webtorrent@0.110.0": {
      "integrity": "sha512-f2Moh9KWdHqYT1N5hxbaCw213SyYyyHhxOoxJI4c53nwAiq4JCytpySV8cM5FC9oPOE7Y/4nPYbnreJNl9lJRA==",
      "dependencies": [
        "@types/bittorrent-protocol",
        "@types/node",
        "@types/parse-torrent",
        "@types/simple-peer"
      ]
    },
    "@webtorrent/http-node@1.3.0": {
      "integrity": "sha512-GWZQKroPES4z91Ijx6zsOsb7+USOxjy66s8AoTWg0HiBBdfnbtf9aeh3Uav0MgYn4BL8Q7tVSUpd0gGpngKGEQ==",
      "dependencies": [
        "freelist",
        "http-parser-js"
      ]
    },
    "abort-controller@3.0.0": {
      "integrity": "sha512-h8lQ8tacZYnR3vNQTgibj+tODHI5/+l06Au2Pcriv/Gmet0eaj4TwWH41sO9wnHDiQsEj19q0drzdWdeAHtweg==",
      "dependencies": [
        "event-target-shim"
      ]
    },
    "addr-to-ip-port@2.0.0": {
      "integrity": "sha512-9bYbtjamtdLHZSqVIUXhilOryNPiL+x+Q5J/Unpg4VY3ZIkK3fT52UoErj1NdUeVm3J1t2iBEAur4Ywbl/bahw=="
    },
    "b4a@1.6.7": {
      "integrity": "sha512-OnAYlL5b7LEkALw87fUVafQw5rVR9RjwGd4KUwNQ6DrrNmaVaUCgLipfVlzrPQ4tWOR9P0IXGNOx50jYCCdSJg=="
    },
    "bare-events@2.5.4": {
      "integrity": "sha512-+gFfDkR8pj4/TrWCGUGWmJIkBwuxPS5F+a5yWjOHQt2hHvNZd5YLzadjmDUtFmMM4y429bnKLa8bYBMHcYdnQA=="
    },
    "bare-fs@4.0.1_bare-events@2.5.4": {
      "integrity": "sha512-ilQs4fm/l9eMfWY2dY0WCIUplSUp7U0CT1vrqMg1MUdeZl4fypu5UP0XcDBK5WBQPJAKP1b7XEodISmekH/CEg==",
      "dependencies": [
        "bare-events",
        "bare-path",
        "bare-stream"
      ]
    },
    "bare-os@3.4.0": {
      "integrity": "sha512-9Ous7UlnKbe3fMi7Y+qh0DwAup6A1JkYgPnjvMDNOlmnxNRQvQ/7Nst+OnUQKzk0iAT0m9BisbDVp9gCv8+ETA=="
    },
    "bare-path@3.0.0": {
      "integrity": "sha512-tyfW2cQcB5NN8Saijrhqn0Zh7AnFNsnczRcuWODH0eYAXBsJ5gVxAUuNr7tsHSC6IZ77cA0SitzT+s47kot8Mw==",
      "dependencies": [
        "bare-os"
      ]
    },
    "bare-stream@2.6.4_bare-events@2.5.4": {
      "integrity": "sha512-G6i3A74FjNq4nVrrSTUz5h3vgXzBJnjmWAVlBWaZETkgu+LgKd7AiyOml3EDJY1AHlIbBHKDXE+TUT53Ff8OaA==",
      "dependencies": [
        "bare-events",
        "streamx"
      ]
    },
    "base64-arraybuffer@1.0.2": {
      "integrity": "sha512-I3yl4r9QB5ZRY3XuJVEPfc2XhZO6YweFPI+UovAzn+8/hb3oJ6lnysaFcjVpkCPfVWFUDvoZ8kmVDP7WyRtYtQ=="
    },
    "base64-js@1.5.1": {
      "integrity": "sha512-AKpaYlHn8t4SVbOHCy+b5+KKgvR4vrsD8vbvrbiQJps7fKDTkjkDry6ji0rUJjC0kzbNePLwzxq8iypo41qeWA=="
    },
    "bencode@2.0.3": {
      "integrity": "sha512-D/vrAD4dLVX23NalHwb8dSvsUsxeRPO8Y7ToKA015JQYq69MLDOMkC0uGZYA/MPpltLO8rt8eqFC2j8DxjTZ/w=="
    },
    "bencode@4.0.0": {
      "integrity": "sha512-AERXw18df0pF3ziGOCyUjqKZBVNH8HV3lBxnx5w0qtgMIk4a1wb9BkcCQbkp9Zstfrn/dzRwl7MmUHHocX3sRQ==",
      "dependencies": [
        "uint8-util"
      ]
    },
    "bep53-range@2.0.0": {
      "integrity": "sha512-sMm2sV5PRs0YOVk0LTKtjuIprVzxgTQUsrGX/7Yph2Rm4FO2Fqqtq7hNjsOB5xezM4v4+5rljCgK++UeQJZguA=="
    },
    "bitfield@4.2.0": {
      "integrity": "sha512-kUTatQb/mBd8uhvdLrUkouGDBUQiJaIOvPlptUwOWp6MFqih4d1MiVf0m3ATxfZSzu+LjW/awFeABltYa62uIA=="
    },
    "bittorrent-dht@11.0.9": {
      "integrity": "sha512-aM6m9zvIGi8lMANaxUWcF3yytUxloUCc4gzqa0SOvo22FyeNDHecOXccw6FIZyk4I0IN9KDCj7We+n+RpqnYgg==",
      "dependencies": [
        "bencode@4.0.0",
        "debug",
        "k-bucket",
        "k-rpc",
        "last-one-wins",
        "lru",
        "randombytes",
        "record-cache"
      ]
    },
    "bittorrent-lsd@2.0.0": {
      "integrity": "sha512-jV+SMTGNY1iGWjf5cPA2HMeA6axuMQRWwWELtsuZ1FmQmZwC74we92nwtDTfv1WMnLx+oqEjWRri42IHjZitSQ==",
      "dependencies": [
        "chrome-dgram",
        "debug"
      ]
    },
    "bittorrent-peerid@1.3.6": {
      "integrity": "sha512-VyLcUjVMEOdSpHaCG/7odvCdLbAB1y3l9A2V6WIje24uV7FkJPrQrH/RrlFmKxP89pFVDEnE+YlHaFujlFIZsg=="
    },
    "bittorrent-protocol@4.1.16": {
      "integrity": "sha512-93t8h77uAyD8BGSpBo8SqxYyKBA/xgv9N8+WghnXpH2I+JmlmJmddUt8nugPRgj/LNuL1VrWJ26jhYhiVWpRaQ==",
      "dependencies": [
        "bencode@4.0.0",
        "bitfield",
        "debug",
        "rc4",
        "streamx",
        "throughput",
        "uint8-util",
        "unordered-array-remove"
      ]
    },
    "bittorrent-tracker@11.2.1_bufferutil@4.0.9_utf-8-validate@6.0.5": {
      "integrity": "sha512-SffBgHzNrhn+HBwdRD2st+TYJOs2LhF3ljJFPCYGv592LpGtPxw41UZHTUeY5muWnQl+wopcU8qXM9UEk2WKrA==",
      "dependencies": [
        "@thaunknown/simple-peer",
        "@thaunknown/simple-websocket",
        "bencode@4.0.0",
        "bittorrent-peerid",
        "bufferutil",
        "chrome-dgram",
        "compact2string",
        "cross-fetch-ponyfill",
        "debug",
        "ip",
        "lru",
        "minimist",
        "once",
        "queue-microtask",
        "random-iterate",
        "run-parallel",
        "run-series",
        "socks",
        "string2compact",
        "uint8-util",
        "unordered-array-remove",
        "utf-8-validate",
        "ws"
      ]
    },
    "bl@4.1.0": {
      "integrity": "sha512-1W07cM9gS6DcLperZfFSj+bWLtaPGSOHWhPiGzXmvVJbRLdG82sH/Kn8EtW1VqWVA54AKf2h5k5BbnIbwF3h6w==",
      "dependencies": [
        "buffer",
        "inherits",
        "readable-stream"
      ]
    },
    "block-iterator@1.1.1": {
      "integrity": "sha512-DrjdVWZemVO4iBf4tiOXjUrY5cNesjzy0t7sIiu2rdl8cOCHRxAgKjSJFc3vBZYYMMmshUAxajl8QQh/uxXTKQ=="
    },
    "buffer-alloc-unsafe@1.1.0": {
      "integrity": "sha512-TEM2iMIEQdJ2yjPJoSIsldnleVaAk1oW3DBVUykyOLsEsFmEc9kn+SFFPz+gl54KQNxlDnAwCXosOS9Okx2xAg=="
    },
    "buffer-alloc@1.2.0": {
      "integrity": "sha512-CFsHQgjtW1UChdXgbyJGtnm+O/uLQeZdtbDo8mfUgYXCHSM1wgrVxXm6bSyrUuErEb+4sYVGCzASBRot7zyrow==",
      "dependencies": [
        "buffer-alloc-unsafe",
        "buffer-fill"
      ]
    },
    "buffer-fill@1.0.0": {
      "integrity": "sha512-T7zexNBwiiaCOGDg9xNX9PBmjrubblRkENuptryuI64URkXDFum9il/JGL8Lm8wYfAXpredVXXZz7eMHilimiQ=="
    },
    "buffer@5.7.1": {
      "integrity": "sha512-EHcyIPBQ4BSGlvjB16k5KgAJ27CIsHY/2JBmCRReo48y9rQ3MaUzWX3KVlBa4U7MyX02HdVj0K7C3WaB3ju7FQ==",
      "dependencies": [
        "base64-js",
        "ieee754"
      ]
    },
    "bufferutil@4.0.9": {
      "integrity": "sha512-WDtdLmJvAuNNPzByAYpRo2rF1Mmradw6gvWsQKf63476DDXmomT9zUiGypLcG4ibIM67vhAj8jJRdbmEws2Aqw==",
      "dependencies": [
        "node-gyp-build"
      ]
    },
    "cache-chunk-store@3.2.2": {
      "integrity": "sha512-2lJdWbgHFFxcSth9s2wpId3CR3v1YC63KjP4T9WhpW7LWlY7Hiiei3QwwqzkWqlJTfR8lSy9F5kRQECeyj+yQA==",
      "dependencies": [
        "lru",
        "queue-microtask"
      ]
    },
    "chownr@1.1.4": {
      "integrity": "sha512-jJ0bqzaylmJtVnNgzTeSOs8DPavpbYgEr/b0YL8/2GO3xJEhInFmhKMUnEJQjZumK7KXGFhUy89PrsJWlakBVg=="
    },
    "chrome-dgram@3.0.6": {
      "integrity": "sha512-bqBsUuaOiXiqxXt/zA/jukNJJ4oaOtc7ciwqJpZVEaaXwwxqgI2/ZdG02vXYWUhHGziDlvGMQWk0qObgJwVYKA==",
      "dependencies": [
        "inherits",
        "run-series"
      ]
    },
    "chrome-dns@1.0.1": {
      "integrity": "sha512-HqsYJgIc8ljJJOqOzLphjAs79EUuWSX3nzZi2LNkzlw3GIzAeZbaSektC8iT/tKvLqZq8yl1GJu5o6doA4TRbg==",
      "dependencies": [
        "chrome-net"
      ]
    },
    "chrome-net@3.3.4": {
      "integrity": "sha512-Jzy2EnzmE+ligqIZUsmWnck9RBXLuUy6CaKyuNMtowFG3ZvLt8d+WBJCTPEludV0DHpIKjAOlwjFmTaEdfdWCw==",
      "dependencies": [
        "inherits"
      ]
    },
    "chunk-store-iterator@1.0.3": {
      "integrity": "sha512-JcSaB5h3wQstQKnaJi8sET40f0m+6Kh4mhKIr05lrWKi+EiQzn6XUoi6LipgRGMqXWNZZJaMz2tH4aeg4ptBDA==",
      "dependencies": [
        "block-iterator"
      ]
    },
    "compact2string@1.4.1": {
      "integrity": "sha512-3D+EY5nsRhqnOwDxveBv5T8wGo4DEvYxjDtPGmdOX+gfr5gE92c2RC0w2wa+xEefm07QuVqqcF3nZJUZ92l/og==",
      "dependencies": [
        "ipaddr.js"
      ]
    },
    "cpus@1.0.3": {
      "integrity": "sha512-PXHBvGLuL69u55IkLa5e5838fLhIMHxmkV4ge42a8alGyn7BtawYgI0hQ849EedvtHIOLNNH3i6eQU1BiE9SUA=="
    },
    "create-torrent@6.1.0": {
      "integrity": "sha512-War593HCsg4TotHgMGWTJqnDHN0pmEU2RM13xUzzSZ78TpRNOC2bbcsC5yMO3pqIkedHEWFzYNqH1yhwuuBYTg==",
      "dependencies": [
        "bencode@4.0.0",
        "block-iterator",
        "fast-readable-async-iterator",
        "is-file",
        "join-async-iterator",
        "junk",
        "minimist",
        "once",
        "piece-length",
        "queue-microtask",
        "run-parallel",
        "uint8-util"
      ]
    },
    "cross-fetch-ponyfill@1.0.3": {
      "integrity": "sha512-uOBkDhUAGAbx/FEzNKkOfx3w57H8xReBBXoZvUnOKTI0FW0Xvrj3GrYv2iZXUqlffC1LMGfQzhmBM/ke+6eTDA==",
      "dependencies": [
        "abort-controller",
        "node-fetch@3.3.2"
      ]
    },
    "cross-spawn@7.0.6": {
      "integrity": "sha512-uV2QOWP2nWzsy2aMp8aRibhi9dlzF5Hgh5SHaB9OiTGEyDTiJJyx0uy51QXdyWbtAHNua4XJzUKca3OzKUd3vA==",
      "dependencies": [
        "path-key",
        "shebang-command",
        "which"
      ]
    },
    "data-uri-to-buffer@4.0.1": {
      "integrity": "sha512-0R9ikRb668HB7QDxT1vkpuUBtqc53YyAwMwGeUFKRojY/NWKvdZ+9UYtRfGmhqNbRkTSVpMbmyhXipFFv2cb/A=="
    },
    "debug@4.4.0": {
      "integrity": "sha512-6WTZ/IxCY/T6BALoZHaE4ctp9xm+Z5kY/pzYaCHRFeyVhojxlrm+46y68HA6hr0TcwEssoxNiDEUJQjfPZ/RYA==",
      "dependencies": [
        "ms"
      ]
    },
    "decompress-response@6.0.0": {
      "integrity": "sha512-aW35yZM6Bb/4oJlZncMH2LCoZtJXTRxES17vE3hoRiowU2kWHaJKFkSBDnDR+cm9J+9QhXmREyIfv0pji9ejCQ==",
      "dependencies": [
        "mimic-response"
      ]
    },
    "deep-extend@0.6.0": {
      "integrity": "sha512-LOHxIOaPYdHlJRtCQfDIVZtfw/ufM8+rVj649RIHzcm/vGwQRXFt6OPqIFWsm2XEMrNIEtWR64sY1LEKD2vAOA=="
    },
    "default-gateway@6.0.3": {
      "integrity": "sha512-fwSOJsbbNzZ/CUFpqFBqYfYNLj1NbMPm8MMCIzHjC83iSJRBEGmDUxU+WP661BaBQImeC2yHwXtz+P/O9o+XEg==",
      "dependencies": [
        "execa"
      ]
    },
    "detect-libc@2.0.3": {
      "integrity": "sha512-bwy0MGW55bG41VqxxypOsdSdGqLwXPI/focwgTYCFMbdUiBAxLg9CFzG08sz2aqzknwiX7Hkl0bQENjg8iLByw=="
    },
    "end-of-stream@1.4.4": {
      "integrity": "sha512-+uw1inIHVPQoaVuHzRyXd21icM+cnt4CzD5rW+NC1wjOUSTOs+Te7FOv7AhN7vS9x/oIyhLP5PR1H+phQAHu5Q==",
      "dependencies": [
        "once"
      ]
    },
    "err-code@3.0.1": {
      "integrity": "sha512-GiaH0KJUewYok+eeY05IIgjtAe4Yltygk9Wqp1V5yVWLdhf0hYZchRjNIT9bb0mSwRcIusT3cx7PJUf3zEIfUA=="
    },
    "escape-html@1.0.3": {
      "integrity": "sha512-NiSupZ4OeuGwr68lGIeym/ksIZMJodUGOSCZ/FSnTxcrekbvqrgdUxlJOMpijaKZVjAJrWrGs/6Jy8OMuyj9ow=="
    },
    "event-target-shim@5.0.1": {
      "integrity": "sha512-i/2XbnSz/uxRCU6+NdVJgKWDTM427+MqYbkQzD321DuCQJUqOuJKIA0IM2+W2xtYHdKOmZ4dR6fExsd4SXL+WQ=="
    },
    "execa@5.1.1": {
      "integrity": "sha512-8uSpZZocAZRBAPIEINJj3Lo9HyGitllczc27Eh5YYojjMFMn8yHMDMaUHE2Jqfq05D/wucwI4JGURyXt1vchyg==",
      "dependencies": [
        "cross-spawn",
        "get-stream",
        "human-signals",
        "is-stream",
        "merge-stream",
        "npm-run-path",
        "onetime",
        "signal-exit",
        "strip-final-newline"
      ]
    },
    "expand-template@2.0.3": {
      "integrity": "sha512-XYfuKMvj4O35f/pOXLObndIRvyQ+/+6AhODh+OKWj9S9498pHHn/IMszH+gt0fBCRWMNfk1ZSp5x3AifmnI2vg=="
    },
    "fast-fifo@1.3.2": {
      "integrity": "sha512-/d9sfos4yxzpwkDkuN7k2SqFKtYNmCTzgfEpz82x34IM9/zc8KGxQoXg1liNC/izpRM/MBdt44Nmx41ZWqk+FQ=="
    },
    "fast-readable-async-iterator@2.0.0": {
      "integrity": "sha512-8Sld+DuyWRIftl86ZguJxR2oXCBccOiJxrY/Rj9/7ZBynW8pYMWzIcqxFL1da+25jaWJZVa+HHX/8SsA21JdTA=="
    },
    "fetch-blob@3.2.0": {
      "integrity": "sha512-7yAQpD2UMJzLi1Dqv7qFYnPbaPx7ZfFK6PiIxQ4PfkGPyNyl2Ugx+a/umUonmKqjhM4DnfbMvdX6otXq83soQQ==",
      "dependencies": [
        "node-domexception@1.0.0",
        "web-streams-polyfill"
      ]
    },
    "filename-reserved-regex@3.0.0": {
      "integrity": "sha512-hn4cQfU6GOT/7cFHXBqeBg2TbrMBgdD0kcjLhvSQYYwm3s4B6cjvBfb7nBALJLAXqmU5xajSa7X2NnUud/VCdw=="
    },
    "formdata-polyfill@4.0.10": {
      "integrity": "sha512-buewHzMvYL29jdeQTVILecSaZKnt/RJWjoZCF5OW60Z67/GmSLBkOFM7qh1PI3zFNtJbaZL5eQu1vLfazOwj4g==",
      "dependencies": [
        "fetch-blob"
      ]
    },
    "freelist@1.0.3": {
      "integrity": "sha512-Ji7fEnMdZDGbS5oXElpRJsn9jPvBR8h/037D3bzreNmS8809cISq/2D9//JbA/TaZmkkN8cmecXwmQHmM+NHhg=="
    },
    "fs-chunk-store@4.1.0": {
      "integrity": "sha512-8apaYPaENIVUjVGqjo+Yg5/Hv7qL2fijWV+XGMCs3MR07o9DZZVMpF7dclxdjYotSjLdUGVPhqaJn+eAx6NLYQ==",
      "dependencies": [
        "filename-reserved-regex",
        "queue-microtask",
        "random-access-file",
        "randombytes",
        "run-parallel",
        "thunky"
      ]
    },
    "fs-constants@1.0.0": {
      "integrity": "sha512-y6OAwoSIf7FyjMIv94u+b5rdheZEjzR63GTyZJm5qh4Bi+2YgwLCcI/fPFZkL5PSixOt6ZNKm+w+Hfp/Bciwow=="
    },
    "fs-native-extensions@1.3.2": {
      "integrity": "sha512-fQaLJt4uY96iiMdy+rV561TaXefkfTq4dmSXcN2D1z8SBtFTsmcO3GaJexPKTxltqdh826JQBK1CySo3EpzgQQ==",
      "dependencies": [
        "node-gyp-build",
        "which-runtime"
      ]
    },
    "fsa-chunk-store@1.3.0": {
      "integrity": "sha512-0WCfuxqqSB6Tz/g7Ar/nwAxMoigXaIXuvfrnLIEFYIA9uc6w9eNaHuBGzU1X3lyM4cpLKCOTUmKAA/gCiTvzMQ==",
      "dependencies": [
        "filename-reserved-regex"
      ]
    },
    "get-stdin@9.0.0": {
      "integrity": "sha512-dVKBjfWisLAicarI2Sf+JuBE/DghV4UzNAVe9yhEJuzeREd3JhOTE9cUaJTeSa77fsbQUK3pcOpJfM59+VKZaA=="
    },
    "get-stream@6.0.1": {
      "integrity": "sha512-ts6Wi+2j3jQjqi70w5AlN8DFnkSwC+MqmxEzdEALB2qXZYV3X/b1CTfgPLGJNMeAWxdPfU8FO1ms3NUfaHCPYg=="
    },
    "github-from-package@0.0.0": {
      "integrity": "sha512-SyHy3T1v2NUXn29OsWdxmK6RwHD+vkj3v8en8AOBZ1wBQ/hCAQ5bAQTD02kW4W9tUp/3Qh6J8r9EvntiyCmOOw=="
    },
    "http-parser-js@0.4.13": {
      "integrity": "sha512-u8u5ZaG0Tr/VvHlucK2ufMuOp4/5bvwgneXle+y228K5rMbJOlVjThONcaAw3ikAy8b2OO9RfEucdMHFz3UWMA=="
    },
    "human-signals@2.1.0": {
      "integrity": "sha512-B4FFZ6q/T2jhhksgkbEW3HBvWIfDW85snkQgawt07S7J5QXTk6BkNV+0yAeZrM5QpMAdYlocGoljn0sJ/WQkFw=="
    },
    "ieee754@1.2.1": {
      "integrity": "sha512-dcyqhDvX1C46lXZcVqCpK+FtMRQVdIMN6/Df5js2zouUsqG7I6sFxitIC+7KYK29KdXOLHdu9zL4sFnoVQnqaA=="
    },
    "immediate-chunk-store@2.2.0": {
      "integrity": "sha512-1bHBna0hCa6arRXicu91IiL9RvvkbNYLVq+mzWdaLGZC3hXvX4doh8e1dLhMKez5siu63CYgO5NrGJbRX5lbPA==",
      "dependencies": [
        "queue-microtask"
      ]
    },
    "inherits@2.0.4": {
      "integrity": "sha512-k/vGaX4/Yla3WzyMCvTQOXYeIHvqOKtnqBduzTHpzpQZzAskKMhZ2K+EnBiSM9zGSoIFeMpXKxa4dYeZIQqewQ=="
    },
    "ini@1.3.8": {
      "integrity": "sha512-JV/yugV2uzW5iMRSiZAyDtQd+nxtUnjeLt0acNdw98kKLrvuRVyB80tsREOE7yvGVgalhZ6RNXCmEHkUKBKxew=="
    },
    "ip-address@9.0.5": {
      "integrity": "sha512-zHtQzGojZXTwZTHQqra+ETKd4Sn3vgi7uBmlPoXVWZqYvuKmtI0l/VZTjqGmJY9x88GGOaZ9+G9ES8hC4T4X8g==",
      "dependencies": [
        "jsbn",
        "sprintf-js"
      ]
    },
    "ip-set@2.2.0": {
      "integrity": "sha512-NmmY3BfY4pejh6GOqNcNWRsBNdR+I7pUVtXRgZlkZdcnLtlG4X6HNtu2FZoCGyvGRzyroP1fJ+SJZBZ65JJl/Q==",
      "dependencies": [
        "ip"
      ]
    },
    "ip@2.0.1": {
      "integrity": "sha512-lJUL9imLTNi1ZfXT+DU6rBBdbiKGBuay9B6xGSPVjUeQwaH1RIGqef8RZkUtHioLmSNpPR5M4HVKJGm1j8FWVQ=="
    },
    "ipaddr.js@2.2.0": {
      "integrity": "sha512-Ag3wB2o37wslZS19hZqorUnrnzSkpOVy+IiiDEiTqNubEYpYuHWIf6K4psgN2ZWKExS4xhVCrRVfb/wfW8fWJA=="
    },
    "is-file@1.0.0": {
      "integrity": "sha512-ZGMuc+xA8mRnrXtmtf2l/EkIW2zaD2LSBWlaOVEF6yH4RTndHob65V4SwWWdtGKVthQfXPVKsXqw4TDUjbVxVQ=="
    },
    "is-stream@2.0.1": {
      "integrity": "sha512-hFoiJiTl63nn+kstHGBtewWSKnQLpyb155KHheA1l39uvtO9nWIop1p3udqPcUd/xbF1VLMO4n7OI6p7RbngDg=="
    },
    "isexe@2.0.0": {
      "integrity": "sha512-RHxMLp9lnKHGHRng9QFhRCMbYAcVpn69smSGcq3f36xjgVVWThj4qqLbTLlq7Ssj8B+fIQ1EuCEGI2lKsyQeIw=="
    },
    "join-async-iterator@1.1.1": {
      "integrity": "sha512-ATse+nuNeKZ9K1y27LKdvPe/GCe9R/u9dw9vI248e+vILeRK3IcJP4JUPAlSmKRCDK0cKhEwfmiw4Skqx7UnGQ=="
    },
    "jsbn@1.1.0": {
      "integrity": "sha512-4bYVV3aAMtDTTu4+xsDYa6sy9GyJ69/amsu9sYF2zqjiEoZA5xJi3BrfX3uY+/IekIu7MwdObdbDWpoZdBv3/A=="
    },
    "junk@4.0.1": {
      "integrity": "sha512-Qush0uP+G8ZScpGMZvHUiRfI0YBWuB3gVBYlI0v0vvOJt5FLicco+IkP0a50LqTTQhmts/m6tP5SWE+USyIvcQ=="
    },
    "k-bucket@5.1.0": {
      "integrity": "sha512-Fac7iINEovXIWU20GPnOMLUbjctiS+cnmyjC4zAUgvs3XPf1vo9akfCHkigftSic/jiKqKl+KA3a/vFcJbHyCg==",
      "dependencies": [
        "randombytes"
      ]
    },
    "k-rpc-socket@1.11.1": {
      "integrity": "sha512-8xtA8oqbZ6v1Niryp2/g4GxW16EQh5MvrUylQoOG+zcrDff5CKttON2XUXvMwlIHq4/2zfPVFiinAccJ+WhxoA==",
      "dependencies": [
        "bencode@2.0.3",
        "chrome-dgram",
        "chrome-dns",
        "chrome-net"
      ]
    },
    "k-rpc@5.1.0": {
      "integrity": "sha512-FGc+n70Hcjoa/X2JTwP+jMIOpBz+pkRffHnSl9yrYiwUxg3FIgD50+u1ePfJUOnRCnx6pbjmVk5aAeB1wIijuQ==",
      "dependencies": [
        "k-bucket",
        "k-rpc-socket",
        "randombytes"
      ]
    },
    "last-one-wins@1.0.4": {
      "integrity": "sha512-t+KLJFkHPQk8lfN6WBOiGkiUXoub+gnb2XTYI2P3aiISL+94xgZ1vgz1SXN/N4hthuOoLXarXfBZPUruyjQtfA=="
    },
    "limiter@1.1.5": {
      "integrity": "sha512-FWWMIEOxz3GwUI4Ts/IvgVy6LPvoMPgjMdQ185nN6psJyBJ4yOpzqm695/h5umdLJg2vW3GR5iG11MAkR2AzJA=="
    },
    "load-ip-set@3.0.1": {
      "integrity": "sha512-ZFZt1g4Exq01SFtKjffqau+L4Qibt+51utymHHiWo8Iu/W7LYSqE7fiZ/iAZ6dIqbmeU6ICSIK02IizSScBkLQ==",
      "dependencies": [
        "cross-fetch-ponyfill",
        "ip-set",
        "netmask",
        "once",
        "queue-microtask",
        "split"
      ]
    },
    "lru@3.1.0": {
      "integrity": "sha512-5OUtoiVIGU4VXBOshidmtOsvBIvcQR6FD/RzWSvaeHyxCGB+PCUCu+52lqMfdc0h/2CLvHhZS4TwUmMQrrMbBQ==",
      "dependencies": [
        "inherits"
      ]
    },
    "lt_donthave@2.0.4": {
      "integrity": "sha512-VIKjdxflF8+6vFb3t8LQ4czRYvw6OyxPLDr5YV5qOieu4qwl0wX2DA18WyaHJjBKyKSHXvdo1JcrrUag5MmMiA==",
      "dependencies": [
        "debug",
        "unordered-array-remove"
      ]
    },
    "magnet-uri@7.0.7": {
      "integrity": "sha512-z/+dB2NQsXaDuxVBjoPLpZT8ePaacUmoontoFheRBl++nALHYs4qV9MmhTur9e4SaMbkCR/uPX43UMzEOoeyaw==",
      "dependencies": [
        "@thaunknown/thirty-two",
        "bep53-range",
        "uint8-util"
      ]
    },
    "marked@15.0.6": {
      "integrity": "sha512-Y07CUOE+HQXbVDCGl3LXggqJDbXDP2pArc2C1N1RRMN0ONiShoSsIInMd5Gsxupe7fKLpgimTV+HOJ9r7bA+pg=="
    },
    "memory-chunk-store@1.3.5": {
      "integrity": "sha512-E1Xc1U4ifk/FkC2ZsWhCaW1xg9HbE/OBmQTLe2Tr9c27YPSLbW7kw1cnb3kQWD1rDtErFJHa7mB9EVrs7aTx9g==",
      "dependencies": [
        "queue-microtask"
      ]
    },
    "merge-stream@2.0.0": {
      "integrity": "sha512-abv/qOcuPfk3URPfDzmZU1LKmuw8kT+0nIHvKrKgFrwifol/doWcdA4ZqsWQ8ENrFKkd67Mfpo/LovbIUsbt3w=="
    },
    "mime@3.0.0": {
      "integrity": "sha512-jSCU7/VB1loIWBZe14aEYHU/+1UMEHoaO7qxCOVJOw9GgH72VAWppxNcjU+x9a2k3GSIBXNKxXQFqRvvZ7vr3A=="
    },
    "mimic-fn@2.1.0": {
      "integrity": "sha512-OqbOk5oEQeAZ8WXWydlu9HJjz9WVdEIvamMCcXmuqUYjTknH/sqsWvhQ3vgwKFRR1HpjvNBKQ37nbJgYzGqGcg=="
    },
    "mimic-response@3.1.0": {
      "integrity": "sha512-z0yWI+4FDrrweS8Zmt4Ej5HdJmky15+L2e6Wgn3+iK5fWzb6T3fhNFq2+MeTRb064c6Wr4N/wv0DzQTjNzHNGQ=="
    },
    "minimist@1.2.8": {
      "integrity": "sha512-2yyAR8qBkN3YuheJanUpWC5U3bb5osDywNB8RzDVlDwDHbocAJveqqj1u8+SVD7jkWT4yvsHCpWqqWqAxb0zCA=="
    },
    "mkdirp-classic@0.5.3": {
      "integrity": "sha512-gKLcREMhtuZRwRAfqP3RFW+TK4JqApVBtOIftVgjuABpAtpxhPGaDcfvbhNvD0B8iD1oUr/txX35NjcaY6Ns/A=="
    },
    "mri@1.2.0": {
      "integrity": "sha512-tzzskb3bG8LvYGFF/mDTpq3jpI6Q9wc3LEmBaghu+DdCssd1FakN7Bc0hVNmEyGq1bq3RgfkCb3cmQLpNPOroA=="
    },
    "ms@2.1.3": {
      "integrity": "sha512-6FlzubTLZG3J2a/NVCAleEhjzq5oxgHyaCU9yYXvcLsvoVaHJq/s5xXI6/XXP6tz7R9xAOtHnSO/tXtF3WRTlA=="
    },
    "napi-build-utils@2.0.0": {
      "integrity": "sha512-GEbrYkbfF7MoNaoh2iGG84Mnf/WZfB0GdGEsM8wz7Expx/LlWf5U8t9nvJKXSp3qr5IsEbK04cBGhol/KwOsWA=="
    },
    "napi-macros@2.2.2": {
      "integrity": "sha512-hmEVtAGYzVQpCKdbQea4skABsdXW4RUh5t5mJ2zzqowJS2OyXZTU1KhDVFhx+NlWZ4ap9mqR9TcDO3LTTttd+g=="
    },
    "netmask@2.0.2": {
      "integrity": "sha512-dBpDMdxv9Irdq66304OLfEmQ9tbNRFnFTuZiLo+bD+r332bBmMJ8GBLXklIXXgxd3+v9+KUnZaUR5PJMa75Gsg=="
    },
    "node-abi@3.73.0": {
      "integrity": "sha512-z8iYzQGBu35ZkTQ9mtR8RqugJZ9RCLn8fv3d7LsgDBzOijGQP3RdKTX4LA7LXw03ZhU5z0l4xfhIMgSES31+cg==",
      "dependencies": [
        "semver"
      ]
    },
    "node-datachannel@0.12.0": {
      "integrity": "sha512-pZ9FsVZpHdUKqyWynuCc9IBLkZPJMpDzpNk4YNPCizbIXHYifpYeWqSF35REHGIWi9JMCf11QzapsyQGo/Y4Ig==",
      "dependencies": [
        "node-domexception@2.0.1",
        "prebuild-install"
      ]
    },
    "node-domexception@1.0.0": {
      "integrity": "sha512-/jKZoMpw0F8GRwl4/eLROPA3cfcXtLApP0QzLmUT/HuPCZWyB7IY9ZrMeKw2O/nFIqPQB3PVM9aYm0F312AXDQ=="
    },
    "node-domexception@2.0.1": {
      "integrity": "sha512-M85rnSC7WQ7wnfQTARPT4LrK7nwCHLdDFOCcItZMhTQjyCebJH8GciKqYJNgaOFZs9nFmTmd/VMyi3OW5jA47w=="
    },
    "node-fetch@2.7.0": {
      "integrity": "sha512-c4FRfUm/dbcWZ7U+1Wq0AwCyFL+3nt2bEw05wfxSz+DWpWsitgmSgYmy2dQdWyKC1694ELPqMs/YzUSNozLt8A==",
      "dependencies": [
        "whatwg-url"
      ]
    },
    "node-fetch@3.3.2": {
      "integrity": "sha512-dRB78srN/l6gqWulah9SrxeYnxeddIG30+GOqK/9OlLVyLg3HPnr6SqOWTWOXKRwC2eGYCkZ59NNuSgvSrpgOA==",
      "dependencies": [
        "data-uri-to-buffer",
        "fetch-blob",
        "formdata-polyfill"
      ]
    },
    "node-gyp-build@4.8.4": {
      "integrity": "sha512-LA4ZjwlnUblHVgq0oBF3Jl/6h/Nvs5fzBLwdEF4nuxnFdsfajde4WfxtJr3CaiH+F6ewcIB/q4jQ4UzPyid+CQ=="
    },
    "npm-run-path@4.0.1": {
      "integrity": "sha512-S48WzZW777zhNIrn7gxOlISNAqi9ZC/uQFnRdbeIHhZhCA6UqpkOT8T1G7BvfdgP4Er8gF4sUbaS0i7QvIfCWw==",
      "dependencies": [
        "path-key"
      ]
    },
    "once@1.4.0": {
      "integrity": "sha512-lNaJgI+2Q5URQBkccEKHTQOPaXdUxnZZElQTZY0MFUAuaEqe1E+Nyvgdz/aIyNi6Z9MzO5dv1H8n58/GELp3+w==",
      "dependencies": [
        "wrappy"
      ]
    },
    "onetime@5.1.2": {
      "integrity": "sha512-kbpaSSGJTWdAY5KPVeMOKXSrPtr8C8C7wodJbcsd51jRnmD+GZu8Y0VoU6Dm5Z4vWr0Ig/1NKuWRKf7j5aaYSg==",
      "dependencies": [
        "mimic-fn"
      ]
    },
    "p-timeout@4.1.0": {
      "integrity": "sha512-+/wmHtzJuWii1sXn3HCuH/FTwGhrp4tmJTxSKJbfS+vkipci6osxXM5mY0jUiRzWKMTgUT8l7HFbeSwZAynqHw=="
    },
    "parse-torrent@11.0.18": {
      "integrity": "sha512-C1igbmTrQQuKlspAfP1wcLaOPlvtu5qi4pMdPoCCfepHmxDOk8iArJ2J1yblLx11UefZJUaKEPSxIwMdG11SuA==",
      "dependencies": [
        "bencode@4.0.0",
        "cross-fetch-ponyfill",
        "get-stdin",
        "magnet-uri",
        "queue-microtask",
        "uint8-util"
      ]
    },
    "path-key@3.1.1": {
      "integrity": "sha512-ojmeN0qd+y0jszEtoY48r0Peq5dwMEkIlCOu6Q5f41lfkswXuKtYrhgoTpLnyIcHm24Uhqx+5Tqm2InSwLhE6Q=="
    },
    "piece-length@2.0.1": {
      "integrity": "sha512-dBILiDmm43y0JPISWEmVGKBETQjwJe6mSU9GND+P9KW0SJGUwoU/odyH1nbalOP9i8WSYuqf1lQnaj92Bhw+Ug=="
    },
    "prebuild-install@7.1.3": {
      "integrity": "sha512-8Mf2cbV7x1cXPUILADGI3wuhfqWvtiLA1iclTDbFRZkgRQS0NqsPZphna9V+HyTEadheuPmjaJMsbzKQFOzLug==",
      "dependencies": [
        "detect-libc",
        "expand-template",
        "github-from-package",
        "minimist",
        "mkdirp-classic",
        "napi-build-utils",
        "node-abi",
        "pump",
        "rc",
        "simple-get",
        "tar-fs",
        "tunnel-agent"
      ]
    },
    "pump@3.0.2": {
      "integrity": "sha512-tUPXtzlGM8FE3P0ZL6DVs/3P58k9nk8/jZeQCurTJylQA8qFYzHFfhBJkuqyE0FifOsQ0uKWekiZ5g8wtr28cw==",
      "dependencies": [
        "end-of-stream",
        "once"
      ]
    },
    "queue-microtask@1.2.3": {
      "integrity": "sha512-NuaNSa6flKT5JaSYQzJok04JzTL1CA6aGhv5rfLW3PgqA+M2ChpZQnAC8h8i4ZFkBS8X5RqkDBHA7r4hej3K9A=="
    },
    "queue-tick@1.0.1": {
      "integrity": "sha512-kJt5qhMxoszgU/62PLP1CJytzd2NKetjSRnyuj31fDd3Rlcz3fzlFdFLD1SItunPwyqEOkca6GbV612BWfaBag=="
    },
    "random-access-file@4.1.2": {
      "integrity": "sha512-GQM6R78DceZDcQod8KxlDFwXIiUvlvuy1EOzxTDsjuDjW5NlnlZi0MOk6iI4itAj/2vcvdqcEExYbVpC/dJcEw==",
      "dependencies": [
        "bare-fs",
        "bare-path",
        "fs-native-extensions",
        "random-access-storage"
      ]
    },
    "random-access-storage@3.0.2": {
      "integrity": "sha512-Es9maUyWdJXWKckKy9s1+vT+DEgAt+PBb9lxPaake/0EDUsHehloKGv9v1zimS2V3gpFAcQXubvc1Rgci2sDPQ==",
      "dependencies": [
        "bare-events",
        "queue-tick"
      ]
    },
    "random-iterate@1.0.1": {
      "integrity": "sha512-Jdsdnezu913Ot8qgKgSgs63XkAjEsnMcS1z+cC6D6TNXsUXsMxy0RpclF2pzGZTEiTXL9BiArdGTEexcv4nqcA=="
    },
    "randombytes@2.1.0": {
      "integrity": "sha512-vYl3iOX+4CKUWuxGi9Ukhie6fsqXqS9FE2Zaic4tNFD2N2QQaXOMFbuKK4QmDHC0JO6B1Zp41J0LpT0oR68amQ==",
      "dependencies": [
        "safe-buffer"
      ]
    },
    "range-parser@1.2.1": {
      "integrity": "sha512-Hrgsx+orqoygnmhFbKaHE6c296J+HTAQXoxEF6gNupROmmGJRoyzfG3ccAveqCBrwr/2yxQ5BVd/GTl5agOwSg=="
    },
    "rc4@0.1.5": {
      "integrity": "sha512-xdDTNV90z5x5u25Oc871Xnvu7yAr4tV7Eluh0VSvrhUkry39q1k+zkz7xroqHbRq+8PiazySHJPArqifUvz9VA=="
    },
    "rc@1.2.8": {
      "integrity": "sha512-y3bGgqKj3QBdxLbLkomlohkvsA8gdAiUQlSBJnBhfn+BPxg4bc62d8TcBW15wavDfgexCgccckhcZvywyQYPOw==",
      "dependencies": [
        "deep-extend",
        "ini",
        "minimist",
        "strip-json-comments"
      ]
    },
    "readable-stream@3.6.2": {
      "integrity": "sha512-9u/sniCrY3D5WdsERHzHE4G2YCXqoG5FTHUiCC4SIbr6XcLZBY05ya9EKjYek9O5xOAwjGq+1JdGBAS7Q9ScoA==",
      "dependencies": [
        "inherits",
        "string_decoder",
        "util-deprecate"
      ]
    },
    "record-cache@1.2.0": {
      "integrity": "sha512-kyy3HWCez2WrotaL3O4fTn0rsIdfRKOdQQcEJ9KpvmKmbffKVvwsloX063EgRUlpJIXHiDQFhJcTbZequ2uTZw==",
      "dependencies": [
        "b4a"
      ]
    },
    "run-parallel-limit@1.1.0": {
      "integrity": "sha512-jJA7irRNM91jaKc3Hcl1npHsFLOXOoTkPCUL1JEa1R82O2miplXXRaGdjW/KM/98YQWDhJLiSs793CnXfblJUw==",
      "dependencies": [
        "queue-microtask"
      ]
    },
    "run-parallel@1.2.0": {
      "integrity": "sha512-5l4VyZR86LZ/lDxZTR6jqL8AFE2S0IFLMP26AbjsLVADxHdhB/c0GUsH+y39UfCi3dzz8OlQuPmnaJOMoDHQBA==",
      "dependencies": [
        "queue-microtask"
      ]
    },
    "run-series@1.1.9": {
      "integrity": "sha512-Arc4hUN896vjkqCYrUXquBFtRZdv1PfLbTYP71efP6butxyQ0kWpiNJyAgsxscmQg1cqvHY32/UCBzXedTpU2g=="
    },
    "safe-buffer@5.2.1": {
      "integrity": "sha512-rp3So07KcdmmKbGvgaNxQSJr7bGVSVk5S9Eq1F+ppbRo70+YeaDxkw5Dd8NPN+GD6bjnYm2VuPuCXmpuYvmCXQ=="
    },
    "safe-compare@1.1.4": {
      "integrity": "sha512-b9wZ986HHCo/HbKrRpBJb2kqXMK9CEWIE1egeEvZsYn69ay3kdfl9nG3RyOcR+jInTDf7a86WQ1d4VJX7goSSQ==",
      "dependencies": [
        "buffer-alloc"
      ]
    },
    "sandwich-stream@2.0.2": {
      "integrity": "sha512-jLYV0DORrzY3xaz/S9ydJL6Iz7essZeAfnAavsJ+zsJGZ1MOnsS52yRjU3uF3pJa/lla7+wisp//fxOwOH8SKQ=="
    },
    "sax@1.4.1": {
      "integrity": "sha512-+aWOz7yVScEGoKNd4PA10LZ8sk0A/z5+nXQG5giUO5rprX9jgYsTdov9qCchZiPIZezbZH+jRut8nPodFAX4Jg=="
    },
    "semver@7.7.0": {
      "integrity": "sha512-DrfFnPzblFmNrIZzg5RzHegbiRWg7KMR7btwi2yjHwx06zsUbO5g613sVwEV7FTwmzJu+Io0lJe2GJ3LxqpvBQ=="
    },
    "shebang-command@2.0.0": {
      "integrity": "sha512-kHxr2zZpYtdmrN1qDjrrX/Z1rR1kG8Dx+gkpK1G4eXmvXswmcE1hTWBWYUzlraYw1/yZp6YuDY77YtvbN0dmDA==",
      "dependencies": [
        "shebang-regex"
      ]
    },
    "shebang-regex@3.0.0": {
      "integrity": "sha512-7++dFhtcx3353uBaq8DDR4NuxBetBzC7ZQOhmTQInHEd6bSrXdiEyzCvG07Z44UYdLShWUyXt5M/yhz8ekcb1A=="
    },
    "signal-exit@3.0.7": {
      "integrity": "sha512-wnD2ZE+l+SPC/uoS0vXeE9L1+0wuaMqKlfz9AMUo38JsyLSBWSFcHR1Rri62LZc12vLr1gb3jl7iwQhgwpAbGQ=="
    },
    "simple-concat@1.0.1": {
      "integrity": "sha512-cSFtAPtRhljv69IK0hTVZQ+OfE9nePi/rtJmw5UjHeVyVroEqJXP1sFztKUy1qU+xvz3u/sfYJLa947b7nAN2Q=="
    },
    "simple-get@4.0.1": {
      "integrity": "sha512-brv7p5WgH0jmQJr1ZDDfKDOSeWWg+OVypG99A/5vYGPqJ6pxiaHLy8nxtFjBA7oMa01ebA9gfh1uMCFqOuXxvA==",
      "dependencies": [
        "decompress-response",
        "once",
        "simple-concat"
      ]
    },
    "smart-buffer@4.2.0": {
      "integrity": "sha512-94hK0Hh8rPqQl2xXc3HsaBoOXKV20MToPkcXvwbISWLEs+64sBq5kFgn2kJDHb1Pry9yrP0dxrCI9RRci7RXKg=="
    },
    "socks@2.8.3": {
      "integrity": "sha512-l5x7VUUWbjVFbafGLxPWkYsHIhEvmF85tbIeFZWc8ZPtoMyybuEhL7Jye/ooC4/d48FgOjSJXgsF/AJPYCW8Zw==",
      "dependencies": [
        "ip-address",
        "smart-buffer"
      ]
    },
    "speed-limiter@1.0.2": {
      "integrity": "sha512-Ax+TbUOho84bWUc3AKqWtkIvAIVws7d6QI4oJkgH4yQ5Yil+lR3vjd/7qd51dHKGzS5bFxg0++QwyNRN7s6rZA==",
      "dependencies": [
        "limiter",
        "streamx"
      ]
    },
    "split@1.0.1": {
      "integrity": "sha512-mTyOoPbrivtXnwnIxZRFYRrPNtEFKlpB2fvjSnCQUiAA6qAZzqwna5envK4uk6OIeP17CsdF3rSBGYVBsU0Tkg==",
      "dependencies": [
        "through"
      ]
    },
    "sprintf-js@1.1.3": {
      "integrity": "sha512-Oo+0REFV59/rz3gfJNKQiBlwfHaSESl1pcGyABQsnnIfWOFt6JNj5gCog2U6MLZ//IGYD+nA8nI+mTShREReaA=="
    },
    "streamx@2.21.1": {
      "integrity": "sha512-PhP9wUnFLa+91CPy3N6tiQsK+gnYyUNuk15S3YG/zjYE7RuPeCjJngqnzpC31ow0lzBHQ+QGO4cNJnd0djYUsw==",
      "dependencies": [
        "bare-events",
        "fast-fifo",
        "queue-tick",
        "text-decoder"
      ]
    },
    "string2compact@2.0.1": {
      "integrity": "sha512-Bm/T8lHMTRXw+u83LE+OW7fXmC/wM+Mbccfdo533ajSBNxddDHlRrvxE49NdciGHgXkUQM5WYskJ7uTkbBUI0A==",
      "dependencies": [
        "addr-to-ip-port",
        "ipaddr.js"
      ]
    },
    "string_decoder@1.3.0": {
      "integrity": "sha512-hkRX8U1WjJFd8LsDJ2yQ/wWWxaopEsABU1XfkM8A+j0+85JAGppt16cr1Whg6KIbb4okU6Mql6BOj+uup/wKeA==",
      "dependencies": [
        "safe-buffer"
      ]
    },
    "strip-final-newline@2.0.0": {
      "integrity": "sha512-BrpvfNAE3dcvq7ll3xVumzjKjZQ5tI1sEUIKr3Uoks0XUl45St3FlatVqef9prk4jRDzhW6WZg+3bk93y6pLjA=="
    },
    "strip-json-comments@2.0.1": {
      "integrity": "sha512-4gB8na07fecVVkOI6Rs4e7T6NOTki5EmL7TUduTs6bu3EdnSycntVJ4re8kgZA+wx9IueI2Y11bfbgwtzuE0KQ=="
    },
    "tar-fs@2.1.2": {
      "integrity": "sha512-EsaAXwxmx8UB7FRKqeozqEPop69DXcmYwTQwXvyAPF352HJsPdkVhvTaDPYqfNgruveJIJy3TA2l+2zj8LJIJA==",
      "dependencies": [
        "chownr",
        "mkdirp-classic",
        "pump",
        "tar-stream"
      ]
    },
    "tar-stream@2.2.0": {
      "integrity": "sha512-ujeqbceABgwMZxEJnk2HDY2DlnUZ+9oEcb1KzTVfYHio0UE6dG71n60d8D2I4qNvleWrrXpmjpt7vZeF1LnMZQ==",
      "dependencies": [
        "bl",
        "end-of-stream",
        "fs-constants",
        "inherits",
        "readable-stream"
      ]
    },
    "telegraf@4.16.3": {
      "integrity": "sha512-yjEu2NwkHlXu0OARWoNhJlIjX09dRktiMQFsM678BAH/PEPVwctzL67+tvXqLCRQQvm3SDtki2saGO9hLlz68w==",
      "dependencies": [
        "@telegraf/types",
        "abort-controller",
        "debug",
        "mri",
        "node-fetch@2.7.0",
        "p-timeout",
        "safe-compare",
        "sandwich-stream"
      ]
    },
    "text-decoder@1.2.3": {
      "integrity": "sha512-3/o9z3X0X0fTupwsYvR03pJ/DjWuqqrfwBgTQzdWDiQSm9KitAyz/9WqsT2JQW7KV2m+bC2ol/zqpW37NHxLaA==",
      "dependencies": [
        "b4a"
      ]
    },
    "through@2.3.8": {
      "integrity": "sha512-w89qg7PI8wAdvX60bMDP+bFoD5Dvhm9oLheFp5O4a2QF0cSBGsBX4qZmadPMvVqlLJBBci+WqGGOAPvcDeNSVg=="
    },
    "throughput@1.0.1": {
      "integrity": "sha512-4Mvv5P4xyVz6RM07wS3tGyZ/kPAiKtLeqznq3hK4pxDiTUSyQ5xeFlBiWxflCWexvSnxo2aAfedzKajJqihz4Q=="
    },
    "thunky@1.1.0": {
      "integrity": "sha512-eHY7nBftgThBqOyHGVN+l8gF0BucP09fMo0oO/Lb0w1OF80dJv+lDVpXG60WMQvkcxAkNybKsrEIE3ZtKGmPrA=="
    },
    "timeout-refresh@1.0.3": {
      "integrity": "sha512-Mz0CX4vBGM5lj8ttbIFt7o4ZMxk/9rgudJRh76EvB7xXZMur7T/cjRiH2w4Fmkq0zxf2QpM8IFvOSRn8FEu3gA=="
    },
    "torrent-discovery@11.0.15": {
      "integrity": "sha512-O5kCZ/PDcK0PMD5lH4VdwUrL4Wfe1Kt3pjcrMp3yieNQq/ZcnLuae6jnjSvpzoa7DxpYc5OqhkiIOYGyvj1tbA==",
      "dependencies": [
        "bittorrent-dht",
        "bittorrent-lsd",
        "bittorrent-tracker",
        "debug",
        "run-parallel"
      ]
    },
    "torrent-piece@3.0.1": {
      "integrity": "sha512-EvCqfOkNm3PXqgaGPVVmp0JlGC8fDpH+8Yt5uUiF4oCrAqy3htyUFxK1DJpneWfg1fFdeTKsstxLxQUrHpmocA==",
      "dependencies": [
        "uint8-util"
      ]
    },
    "tr46@0.0.3": {
      "integrity": "sha512-N3WMsuqV66lT30CrXNbEjx4GEwlow3v6rr4mCcv6prnfwhS01rkgyFdjPNBYd9br7LpXV1+Emh01fHnq2Gdgrw=="
    },
    "tunnel-agent@0.6.0": {
      "integrity": "sha512-McnNiV1l8RYeY8tBgEpuodCC1mLUdbSN+CYBL7kJsJNInOP8UjDDEwdk6Mw60vdLLrr5NHKZhMAOSrR2NZuQ+w==",
      "dependencies": [
        "safe-buffer"
      ]
    },
    "uint8-util@2.2.5": {
      "integrity": "sha512-/QxVQD7CttWpVUKVPz9znO+3Dd4BdTSnFQ7pv/4drVhC9m4BaL2LFHTkJn6EsYoxT79VDq/2Gg8L0H22PrzyMw==",
      "dependencies": [
        "base64-arraybuffer"
      ]
    },
    "undici-types@6.19.8": {
      "integrity": "sha512-ve2KP6f/JnbPBFyobGHuerC9g1FYGn/F8n1LWTwNxCEzd6IfqTwUQcNXgEtmmQ6DlRrC1hrSrBnCZPokRrDHjw=="
    },
    "unordered-array-remove@1.0.2": {
      "integrity": "sha512-45YsfD6svkgaCBNyvD+dFHm4qFX9g3wRSIVgWVPtm2OCnphvPxzJoe20ATsiNpNJrmzHifnxm+BN5F7gFT/4gw=="
    },
    "unordered-set@2.0.1": {
      "integrity": "sha512-eUmNTPzdx+q/WvOHW0bgGYLWvWHNT3PTKEQLg0MAQhc0AHASHVHoP/9YytYd4RBVariqno/mEUhVZN98CmD7bg=="
    },
    "ut_metadata@4.0.3": {
      "integrity": "sha512-2tovup0VDYpT8t8+EhhhKBmbgIyiYyJQZ+Hf+/61+SvjuRS2MEeA5CiSARP4q+9/83Wu09OsGrUre/Zv6OI5NA==",
      "dependencies": [
        "bencode@4.0.0",
        "bitfield",
        "debug",
        "uint8-util"
      ]
    },
    "ut_pex@4.0.4": {
      "integrity": "sha512-isVTbp2TKGoMOu+4Zh/i6ijpYr0VG83xjRPgCXaUjKzgXXndjCMWg32/9kZjubD+kxEXcmXMkoS8IttS9FZE8g==",
      "dependencies": [
        "bencode@4.0.0",
        "compact2string",
        "string2compact"
      ]
    },
    "utf-8-validate@6.0.5": {
      "integrity": "sha512-EYZR+OpIXp9Y1eG1iueg8KRsY8TuT8VNgnanZ0uA3STqhHQTLwbl+WX76/9X5OY12yQubymBpaBSmMPkSTQcKA==",
      "dependencies": [
        "node-gyp-build"
      ]
    },
    "util-deprecate@1.0.2": {
      "integrity": "sha512-EPD5q1uXyFxJpCrLnCc1nHnq3gOa6DZBocAIiI2TaSCA7VCJ1UJDMagCzIkXNsUYfD1daK//LTEQ8xiIbrHtcw=="
    },
    "utp-native@2.5.3": {
      "integrity": "sha512-sWTrWYXPhhWJh+cS2baPzhaZc89zwlWCfwSthUjGhLkZztyPhcQllo+XVVCbNGi7dhyRlxkWxN4NKU6FbA9Y8w==",
      "dependencies": [
        "napi-macros",
        "node-gyp-build",
        "readable-stream",
        "timeout-refresh",
        "unordered-set"
      ]
    },
    "web-streams-polyfill@3.3.3": {
      "integrity": "sha512-d2JWLCivmZYTSIoge9MsgFCZrt571BikcWGYkjC1khllbTeDlGqZ2D8vD8E/lJa8WGWbb7Plm8/XJYV7IJHZZw=="
    },
    "webidl-conversions@3.0.1": {
      "integrity": "sha512-2JAn3z8AR6rjK8Sm8orRC0h/bcl/DqL7tRPdGZ4I1CjdF+EaMLmYxBHyXuKL849eucPFhvBoxMsflfOb8kxaeQ=="
    },
    "webrtc-polyfill@1.1.10": {
      "integrity": "sha512-sOn0bj3/noUdzQX7rvk0jFbBurqWDGGo2ipl+WfgoOe/x3cxbGLk/ZUY+WHCISSlLaIeBumi1X3wxQZnUESExQ==",
      "dependencies": [
        "node-datachannel",
        "node-domexception@1.0.0"
      ]
    },
    "webtorrent@2.5.16": {
      "integrity": "sha512-UZ5QDWG1EuLngpNmQUbK/fQyNw8MjaYhp0/mfJ3iUChLhzlcMUEUcwy4NGiOkNPB4jsGLknGJ+a9V2Pav327Jg==",
      "dependencies": [
        "@silentbot1/nat-api",
        "@thaunknown/simple-peer",
        "@webtorrent/http-node",
        "addr-to-ip-port",
        "bitfield",
        "bittorrent-dht",
        "bittorrent-protocol",
        "cache-chunk-store",
        "chunk-store-iterator",
        "cpus",
        "create-torrent",
        "cross-fetch-ponyfill",
        "debug",
        "escape-html",
        "fs-chunk-store",
        "fsa-chunk-store",
        "immediate-chunk-store",
        "join-async-iterator",
        "load-ip-set",
        "lt_donthave",
        "memory-chunk-store",
        "mime",
        "once",
        "parse-torrent",
        "pump",
        "queue-microtask",
        "random-iterate",
        "range-parser",
        "run-parallel",
        "run-parallel-limit",
        "speed-limiter",
        "streamx",
        "throughput",
        "torrent-discovery",
        "torrent-piece",
        "uint8-util",
        "unordered-array-remove",
        "ut_metadata",
        "ut_pex",
        "utp-native"
      ]
    },
    "whatwg-url@5.0.0": {
      "integrity": "sha512-saE57nupxk6v3HY35+jzBwYa0rKSy0XR8JSxZPwgLr7ys0IBzhGviA1/TUGJLmSVqs8pb9AnvICXEuOHLprYTw==",
      "dependencies": [
        "tr46",
        "webidl-conversions"
      ]
    },
    "which-runtime@1.2.1": {
      "integrity": "sha512-8feIHccQFH/whiA1fD1b4c5+Q7T4ry1g1oHYc2mHnFh81tTQFsCvy3zhS2geUapkFAVBddUT/AM1a3rbqJweFg=="
    },
    "which@2.0.2": {
      "integrity": "sha512-BLI3Tl1TW3Pvl70l3yq3Y64i+awpwXqsGBYWkkqMtnbXgrMD+yj7rhW0kuEDxzJaYXGjEW5ogapKNMEKNMjibA==",
      "dependencies": [
        "isexe"
      ]
    },
    "wrappy@1.0.2": {
      "integrity": "sha512-l4Sp/DRseor9wL6EvV2+TuQn63dMkPjZ/sp9XkghTEbV9KlPS1xUsZ3u7/IQO4wxtcFB4bgpQPRcR3QCvezPcQ=="
    },
    "ws@8.18.0_bufferutil@4.0.9_utf-8-validate@6.0.5": {
      "integrity": "sha512-8VbfWfHLbbwu3+N6OKsOMpBdT4kXPDDB9cJk2bJ6mh9ucxdlnNvH1e+roYkKmN9Nxw2yjz7VzeO9oOz2zJ04Pw==",
      "dependencies": [
        "bufferutil",
        "utf-8-validate"
      ]
    },
    "xml2js@0.6.2": {
      "integrity": "sha512-T4rieHaC1EXcES0Kxxj4JWgaUQHDk+qwHcYOCFHfiwKz7tOVPLq7Hjq9dM1WCMhylqMEfP7hMcOIChvotiZegA==",
      "dependencies": [
        "sax",
        "xmlbuilder"
      ]
    },
    "xmlbuilder@11.0.1": {
      "integrity": "sha512-fDlsI/kFEx7gLvbecc0/ohLG50fugQp8ryHzMTuW9vSa1GJ0XYWKnhsUx7oie3G98+r56aTQIUB4kht42R3JvA=="
    }
  },
  "workspace": {
    "dependencies": [
      "jsr:@b-fuze/deno-dom@~0.1.48",
      "npm:@types/webtorrent@0.110",
      "npm:marked@^15.0.6",
      "npm:telegraf@^4.16.3",
      "npm:webtorrent@^2.5.16"
    ]
  }
}
